// !$*UTF8*$!
{
	archiveVersion = 1;
	classes = {
	};
	objectVersion = 56;
	objects = {

/* Begin PBXBuildFile section */
		7335702D2A7BF61F006CE3F2 /* NPSTestAppApp.swift in Sources */ = {isa = PBXBuildFile; fileRef = 7335702C2A7BF61F006CE3F2 /* NPSTestAppApp.swift */; };
		7335702F2A7BF61F006CE3F2 /* ContentView.swift in Sources */ = {isa = PBXBuildFile; fileRef = 7335702E2A7BF61F006CE3F2 /* ContentView.swift */; };
		733570312A7BF621006CE3F2 /* Assets.xcassets in Resources */ = {isa = PBXBuildFile; fileRef = 733570302A7BF621006CE3F2 /* Assets.xcassets */; };
		733570342A7BF621006CE3F2 /* Preview Assets.xcassets in Resources */ = {isa = PBXBuildFile; fileRef = 733570332A7BF621006CE3F2 /* Preview Assets.xcassets */; };
		7335703E2A7BF621006CE3F2 /* NPSTestAppTests.swift in Sources */ = {isa = PBXBuildFile; fileRef = 7335703D2A7BF621006CE3F2 /* NPSTestAppTests.swift */; };
		733570482A7BF621006CE3F2 /* NPSTestAppUITests.swift in Sources */ = {isa = PBXBuildFile; fileRef = 733570472A7BF621006CE3F2 /* NPSTestAppUITests.swift */; };
		7335704A2A7BF621006CE3F2 /* NPSTestAppUITestsLaunchTests.swift in Sources */ = {isa = PBXBuildFile; fileRef = 733570492A7BF621006CE3F2 /* NPSTestAppUITestsLaunchTests.swift */; };
		733570572A7BF637006CE3F2 /* API.swift in Sources */ = {isa = PBXBuildFile; fileRef = 733570562A7BF637006CE3F2 /* API.swift */; };
/* End PBXBuildFile section */

/* Begin PBXContainerItemProxy section */
		7335703A2A7BF621006CE3F2 /* PBXContainerItemProxy */ = {
			isa = PBXContainerItemProxy;
			containerPortal = 733570212A7BF61F006CE3F2 /* Project object */;
			proxyType = 1;
			remoteGlobalIDString = 733570282A7BF61F006CE3F2;
			remoteInfo = NPSTestApp;
		};
		733570442A7BF621006CE3F2 /* PBXContainerItemProxy */ = {
			isa = PBXContainerItemProxy;
			containerPortal = 733570212A7BF61F006CE3F2 /* Project object */;
			proxyType = 1;
			remoteGlobalIDString = 733570282A7BF61F006CE3F2;
			remoteInfo = NPSTestApp;
		};
/* End PBXContainerItemProxy section */

/* Begin PBXFileReference section */
		733570292A7BF61F006CE3F2 /* NPSTestApp.app */ = {isa = PBXFileReference; explicitFileType = wrapper.application; includeInIndex = 0; path = NPSTestApp.app; sourceTree = BUILT_PRODUCTS_DIR; };
		7335702C2A7BF61F006CE3F2 /* NPSTestAppApp.swift */ = {isa = PBXFileReference; lastKnownFileType = sourcecode.swift; path = NPSTestAppApp.swift; sourceTree = "<group>"; };
		7335702E2A7BF61F006CE3F2 /* ContentView.swift */ = {isa = PBXFileReference; lastKnownFileType = sourcecode.swift; path = ContentView.swift; sourceTree = "<group>"; };
		733570302A7BF621006CE3F2 /* Assets.xcassets */ = {isa = PBXFileReference; lastKnownFileType = folder.assetcatalog; path = Assets.xcassets; sourceTree = "<group>"; };
		733570332A7BF621006CE3F2 /* Preview Assets.xcassets */ = {isa = PBXFileReference; lastKnownFileType = folder.assetcatalog; path = "Preview Assets.xcassets"; sourceTree = "<group>"; };
		733570392A7BF621006CE3F2 /* NPSTestAppTests.xctest */ = {isa = PBXFileReference; explicitFileType = wrapper.cfbundle; includeInIndex = 0; path = NPSTestAppTests.xctest; sourceTree = BUILT_PRODUCTS_DIR; };
		7335703D2A7BF621006CE3F2 /* NPSTestAppTests.swift */ = {isa = PBXFileReference; lastKnownFileType = sourcecode.swift; path = NPSTestAppTests.swift; sourceTree = "<group>"; };
		733570432A7BF621006CE3F2 /* NPSTestAppUITests.xctest */ = {isa = PBXFileReference; explicitFileType = wrapper.cfbundle; includeInIndex = 0; path = NPSTestAppUITests.xctest; sourceTree = BUILT_PRODUCTS_DIR; };
		733570472A7BF621006CE3F2 /* NPSTestAppUITests.swift */ = {isa = PBXFileReference; lastKnownFileType = sourcecode.swift; path = NPSTestAppUITests.swift; sourceTree = "<group>"; };
		733570492A7BF621006CE3F2 /* NPSTestAppUITestsLaunchTests.swift */ = {isa = PBXFileReference; lastKnownFileType = sourcecode.swift; path = NPSTestAppUITestsLaunchTests.swift; sourceTree = "<group>"; };
		733570562A7BF637006CE3F2 /* API.swift */ = {isa = PBXFileReference; lastKnownFileType = sourcecode.swift; path = API.swift; sourceTree = "<group>"; };
/* End PBXFileReference section */

/* Begin PBXFrameworksBuildPhase section */
		733570262A7BF61F006CE3F2 /* Frameworks */ = {
			isa = PBXFrameworksBuildPhase;
			buildActionMask = 2147483647;
			files = (
			);
			runOnlyForDeploymentPostprocessing = 0;
		};
		733570362A7BF621006CE3F2 /* Frameworks */ = {
			isa = PBXFrameworksBuildPhase;
			buildActionMask = 2147483647;
			files = (
			);
			runOnlyForDeploymentPostprocessing = 0;
		};
		733570402A7BF621006CE3F2 /* Frameworks */ = {
			isa = PBXFrameworksBuildPhase;
			buildActionMask = 2147483647;
			files = (
			);
			runOnlyForDeploymentPostprocessing = 0;
		};
/* End PBXFrameworksBuildPhase section */

/* Begin PBXGroup section */
		733570202A7BF61F006CE3F2 = {
			isa = PBXGroup;
			children = (
				7335702B2A7BF61F006CE3F2 /* NPSTestApp */,
				7335703C2A7BF621006CE3F2 /* NPSTestAppTests */,
				733570462A7BF621006CE3F2 /* NPSTestAppUITests */,
				7335702A2A7BF61F006CE3F2 /* Products */,
			);
			sourceTree = "<group>";
		};
		7335702A2A7BF61F006CE3F2 /* Products */ = {
			isa = PBXGroup;
			children = (
				733570292A7BF61F006CE3F2 /* NPSTestApp.app */,
				733570392A7BF621006CE3F2 /* NPSTestAppTests.xctest */,
				733570432A7BF621006CE3F2 /* NPSTestAppUITests.xctest */,
			);
			name = Products;
			sourceTree = "<group>";
		};
		7335702B2A7BF61F006CE3F2 /* NPSTestApp */ = {
			isa = PBXGroup;
			children = (
				7335702C2A7BF61F006CE3F2 /* NPSTestAppApp.swift */,
				7335702E2A7BF61F006CE3F2 /* ContentView.swift */,
				733570302A7BF621006CE3F2 /* Assets.xcassets */,
				733570322A7BF621006CE3F2 /* Preview Content */,
				733570562A7BF637006CE3F2 /* API.swift */,
			);
			path = NPSTestApp;
			sourceTree = "<group>";
		};
		733570322A7BF621006CE3F2 /* Preview Content */ = {
			isa = PBXGroup;
			children = (
				733570332A7BF621006CE3F2 /* Preview Assets.xcassets */,
			);
			path = "Preview Content";
			sourceTree = "<group>";
		};
		7335703C2A7BF621006CE3F2 /* NPSTestAppTests */ = {
			isa = PBXGroup;
			children = (
				7335703D2A7BF621006CE3F2 /* NPSTestAppTests.swift */,
			);
			path = NPSTestAppTests;
			sourceTree = "<group>";
		};
		733570462A7BF621006CE3F2 /* NPSTestAppUITests */ = {
			isa = PBXGroup;
			children = (
				733570472A7BF621006CE3F2 /* NPSTestAppUITests.swift */,
				733570492A7BF621006CE3F2 /* NPSTestAppUITestsLaunchTests.swift */,
			);
			path = NPSTestAppUITests;
			sourceTree = "<group>";
		};
/* End PBXGroup section */

/* Begin PBXNativeTarget section */
		733570282A7BF61F006CE3F2 /* NPSTestApp */ = {
			isa = PBXNativeTarget;
			buildConfigurationList = 7335704D2A7BF621006CE3F2 /* Build configuration list for PBXNativeTarget "NPSTestApp" */;
			buildPhases = (
				733570252A7BF61F006CE3F2 /* Sources */,
				733570262A7BF61F006CE3F2 /* Frameworks */,
				733570272A7BF61F006CE3F2 /* Resources */,
			);
			buildRules = (
			);
			dependencies = (
			);
			name = NPSTestApp;
			productName = NPSTestApp;
			productReference = 733570292A7BF61F006CE3F2 /* NPSTestApp.app */;
			productType = "com.apple.product-type.application";
		};
		733570382A7BF621006CE3F2 /* NPSTestAppTests */ = {
			isa = PBXNativeTarget;
			buildConfigurationList = 733570502A7BF621006CE3F2 /* Build configuration list for PBXNativeTarget "NPSTestAppTests" */;
			buildPhases = (
				733570352A7BF621006CE3F2 /* Sources */,
				733570362A7BF621006CE3F2 /* Frameworks */,
				733570372A7BF621006CE3F2 /* Resources */,
			);
			buildRules = (
			);
			dependencies = (
				7335703B2A7BF621006CE3F2 /* PBXTargetDependency */,
			);
			name = NPSTestAppTests;
			productName = NPSTestAppTests;
			productReference = 733570392A7BF621006CE3F2 /* NPSTestAppTests.xctest */;
			productType = "com.apple.product-type.bundle.unit-test";
		};
		733570422A7BF621006CE3F2 /* NPSTestAppUITests */ = {
			isa = PBXNativeTarget;
			buildConfigurationList = 733570532A7BF621006CE3F2 /* Build configuration list for PBXNativeTarget "NPSTestAppUITests" */;
			buildPhases = (
				7335703F2A7BF621006CE3F2 /* Sources */,
				733570402A7BF621006CE3F2 /* Frameworks */,
				733570412A7BF621006CE3F2 /* Resources */,
			);
			buildRules = (
			);
			dependencies = (
				733570452A7BF621006CE3F2 /* PBXTargetDependency */,
			);
			name = NPSTestAppUITests;
			productName = NPSTestAppUITests;
			productReference = 733570432A7BF621006CE3F2 /* NPSTestAppUITests.xctest */;
			productType = "com.apple.product-type.bundle.ui-testing";
		};
/* End PBXNativeTarget section */

/* Begin PBXProject section */
		733570212A7BF61F006CE3F2 /* Project object */ = {
			isa = PBXProject;
			attributes = {
				BuildIndependentTargetsInParallel = 1;
				LastSwiftUpdateCheck = 1400;
				LastUpgradeCheck = 1400;
				TargetAttributes = {
					733570282A7BF61F006CE3F2 = {
						CreatedOnToolsVersion = 14.0.1;
					};
					733570382A7BF621006CE3F2 = {
						CreatedOnToolsVersion = 14.0.1;
						TestTargetID = 733570282A7BF61F006CE3F2;
					};
					733570422A7BF621006CE3F2 = {
						CreatedOnToolsVersion = 14.0.1;
						TestTargetID = 733570282A7BF61F006CE3F2;
					};
				};
			};
			buildConfigurationList = 733570242A7BF61F006CE3F2 /* Build configuration list for PBXProject "NPSTestApp" */;
			compatibilityVersion = "Xcode 14.0";
			developmentRegion = en;
			hasScannedForEncodings = 0;
			knownRegions = (
				en,
				Base,
			);
			mainGroup = 733570202A7BF61F006CE3F2;
			productRefGroup = 7335702A2A7BF61F006CE3F2 /* Products */;
			projectDirPath = "";
			projectRoot = "";
			targets = (
				733570282A7BF61F006CE3F2 /* NPSTestApp */,
				733570382A7BF621006CE3F2 /* NPSTestAppTests */,
				733570422A7BF621006CE3F2 /* NPSTestAppUITests */,
			);
		};
/* End PBXProject section */

/* Begin PBXResourcesBuildPhase section */
		733570272A7BF61F006CE3F2 /* Resources */ = {
			isa = PBXResourcesBuildPhase;
			buildActionMask = 2147483647;
			files = (
				733570342A7BF621006CE3F2 /* Preview Assets.xcassets in Resources */,
				733570312A7BF621006CE3F2 /* Assets.xcassets in Resources */,
			);
			runOnlyForDeploymentPostprocessing = 0;
		};
		733570372A7BF621006CE3F2 /* Resources */ = {
			isa = PBXResourcesBuildPhase;
			buildActionMask = 2147483647;
			files = (
			);
			runOnlyForDeploymentPostprocessing = 0;
		};
		733570412A7BF621006CE3F2 /* Resources */ = {
			isa = PBXResourcesBuildPhase;
			buildActionMask = 2147483647;
			files = (
			);
			runOnlyForDeploymentPostprocessing = 0;
		};
/* End PBXResourcesBuildPhase section */

/* Begin PBXSourcesBuildPhase section */
		733570252A7BF61F006CE3F2 /* Sources */ = {
			isa = PBXSourcesBuildPhase;
			buildActionMask = 2147483647;
			files = (
				7335702F2A7BF61F006CE3F2 /* ContentView.swift in Sources */,
				733570572A7BF637006CE3F2 /* API.swift in Sources */,
				7335702D2A7BF61F006CE3F2 /* NPSTestAppApp.swift in Sources */,
			);
			runOnlyForDeploymentPostprocessing = 0;
		};
		733570352A7BF621006CE3F2 /* Sources */ = {
			isa = PBXSourcesBuildPhase;
			buildActionMask = 2147483647;
			files = (
				7335703E2A7BF621006CE3F2 /* NPSTestAppTests.swift in Sources */,
			);
			runOnlyForDeploymentPostprocessing = 0;
		};
		7335703F2A7BF621006CE3F2 /* Sources */ = {
			isa = PBXSourcesBuildPhase;
			buildActionMask = 2147483647;
			files = (
				7335704A2A7BF621006CE3F2 /* NPSTestAppUITestsLaunchTests.swift in Sources */,
				733570482A7BF621006CE3F2 /* NPSTestAppUITests.swift in Sources */,
			);
			runOnlyForDeploymentPostprocessing = 0;
		};
/* End PBXSourcesBuildPhase section */

/* Begin PBXTargetDependency section */
		7335703B2A7BF621006CE3F2 /* PBXTargetDependency */ = {
			isa = PBXTargetDependency;
			target = 733570282A7BF61F006CE3F2 /* NPSTestApp */;
			targetProxy = 7335703A2A7BF621006CE3F2 /* PBXContainerItemProxy */;
		};
		733570452A7BF621006CE3F2 /* PBXTargetDependency */ = {
			isa = PBXTargetDependency;
			target = 733570282A7BF61F006CE3F2 /* NPSTestApp */;
			targetProxy = 733570442A7BF621006CE3F2 /* PBXContainerItemProxy */;
		};
/* End PBXTargetDependency section */

/* Begin XCBuildConfiguration section */
		7335704B2A7BF621006CE3F2 /* Debug */ = {
			isa = XCBuildConfiguration;
			buildSettings = {
				ALWAYS_SEARCH_USER_PATHS = NO;
				CLANG_ANALYZER_NONNULL = YES;
				CLANG_ANALYZER_NUMBER_OBJECT_CONVERSION = YES_AGGRESSIVE;
				CLANG_CXX_LANGUAGE_STANDARD = "gnu++20";
				CLANG_ENABLE_MODULES = YES;
				CLANG_ENABLE_OBJC_ARC = YES;
				CLANG_ENABLE_OBJC_WEAK = YES;
				CLANG_WARN_BLOCK_CAPTURE_AUTORELEASING = YES;
				CLANG_WARN_BOOL_CONVERSION = YES;
				CLANG_WARN_COMMA = YES;
				CLANG_WARN_CONSTANT_CONVERSION = YES;
				CLANG_WARN_DEPRECATED_OBJC_IMPLEMENTATIONS = YES;
				CLANG_WARN_DIRECT_OBJC_ISA_USAGE = YES_ERROR;
				CLANG_WARN_DOCUMENTATION_COMMENTS = YES;
				CLANG_WARN_EMPTY_BODY = YES;
				CLANG_WARN_ENUM_CONVERSION = YES;
				CLANG_WARN_INFINITE_RECURSION = YES;
				CLANG_WARN_INT_CONVERSION = YES;
				CLANG_WARN_NON_LITERAL_NULL_CONVERSION = YES;
				CLANG_WARN_OBJC_IMPLICIT_RETAIN_SELF = YES;
				CLANG_WARN_OBJC_LITERAL_CONVERSION = YES;
				CLANG_WARN_OBJC_ROOT_CLASS = YES_ERROR;
				CLANG_WARN_QUOTED_INCLUDE_IN_FRAMEWORK_HEADER = YES;
				CLANG_WARN_RANGE_LOOP_ANALYSIS = YES;
				CLANG_WARN_STRICT_PROTOTYPES = YES;
				CLANG_WARN_SUSPICIOUS_MOVE = YES;
				CLANG_WARN_UNGUARDED_AVAILABILITY = YES_AGGRESSIVE;
				CLANG_WARN_UNREACHABLE_CODE = YES;
				CLANG_WARN__DUPLICATE_METHOD_MATCH = YES;
				COPY_PHASE_STRIP = NO;
				DEBUG_INFORMATION_FORMAT = dwarf;
				ENABLE_STRICT_OBJC_MSGSEND = YES;
				ENABLE_TESTABILITY = YES;
				GCC_C_LANGUAGE_STANDARD = gnu11;
				GCC_DYNAMIC_NO_PIC = NO;
				GCC_NO_COMMON_BLOCKS = YES;
				GCC_OPTIMIZATION_LEVEL = 0;
				GCC_PREPROCESSOR_DEFINITIONS = (
					"DEBUG=1",
					"$(inherited)",
				);
				GCC_WARN_64_TO_32_BIT_CONVERSION = YES;
				GCC_WARN_ABOUT_RETURN_TYPE = YES_ERROR;
				GCC_WARN_UNDECLARED_SELECTOR = YES;
				GCC_WARN_UNINITIALIZED_AUTOS = YES_AGGRESSIVE;
				GCC_WARN_UNUSED_FUNCTION = YES;
				GCC_WARN_UNUSED_VARIABLE = YES;
				IPHONEOS_DEPLOYMENT_TARGET = 16.0;
				MTL_ENABLE_DEBUG_INFO = INCLUDE_SOURCE;
				MTL_FAST_MATH = YES;
				ONLY_ACTIVE_ARCH = YES;
				SDKROOT = iphoneos;
				SWIFT_ACTIVE_COMPILATION_CONDITIONS = DEBUG;
				SWIFT_OPTIMIZATION_LEVEL = "-Onone";
			};
			name = Debug;
		};
		7335704C2A7BF621006CE3F2 /* Release */ = {
			isa = XCBuildConfiguration;
			buildSettings = {
				ALWAYS_SEARCH_USER_PATHS = NO;
				CLANG_ANALYZER_NONNULL = YES;
				CLANG_ANALYZER_NUMBER_OBJECT_CONVERSION = YES_AGGRESSIVE;
				CLANG_CXX_LANGUAGE_STANDARD = "gnu++20";
				CLANG_ENABLE_MODULES = YES;
				CLANG_ENABLE_OBJC_ARC = YES;
				CLANG_ENABLE_OBJC_WEAK = YES;
				CLANG_WARN_BLOCK_CAPTURE_AUTORELEASING = YES;
				CLANG_WARN_BOOL_CONVERSION = YES;
				CLANG_WARN_COMMA = YES;
				CLANG_WARN_CONSTANT_CONVERSION = YES;
				CLANG_WARN_DEPRECATED_OBJC_IMPLEMENTATIONS = YES;
				CLANG_WARN_DIRECT_OBJC_ISA_USAGE = YES_ERROR;
				CLANG_WARN_DOCUMENTATION_COMMENTS = YES;
				CLANG_WARN_EMPTY_BODY = YES;
				CLANG_WARN_ENUM_CONVERSION = YES;
				CLANG_WARN_INFINITE_RECURSION = YES;
				CLANG_WARN_INT_CONVERSION = YES;
				CLANG_WARN_NON_LITERAL_NULL_CONVERSION = YES;
				CLANG_WARN_OBJC_IMPLICIT_RETAIN_SELF = YES;
				CLANG_WARN_OBJC_LITERAL_CONVERSION = YES;
				CLANG_WARN_OBJC_ROOT_CLASS = YES_ERROR;
				CLANG_WARN_QUOTED_INCLUDE_IN_FRAMEWORK_HEADER = YES;
				CLANG_WARN_RANGE_LOOP_ANALYSIS = YES;
				CLANG_WARN_STRICT_PROTOTYPES = YES;
				CLANG_WARN_SUSPICIOUS_MOVE = YES;
				CLANG_WARN_UNGUARDED_AVAILABILITY = YES_AGGRESSIVE;
				CLANG_WARN_UNREACHABLE_CODE = YES;
				CLANG_WARN__DUPLICATE_METHOD_MATCH = YES;
				COPY_PHASE_STRIP = NO;
				DEBUG_INFORMATION_FORMAT = "dwarf-with-dsym";
				ENABLE_NS_ASSERTIONS = NO;
				ENABLE_STRICT_OBJC_MSGSEND = YES;
				GCC_C_LANGUAGE_STANDARD = gnu11;
				GCC_NO_COMMON_BLOCKS = YES;
				GCC_WARN_64_TO_32_BIT_CONVERSION = YES;
				GCC_WARN_ABOUT_RETURN_TYPE = YES_ERROR;
				GCC_WARN_UNDECLARED_SELECTOR = YES;
				GCC_WARN_UNINITIALIZED_AUTOS = YES_AGGRESSIVE;
				GCC_WARN_UNUSED_FUNCTION = YES;
				GCC_WARN_UNUSED_VARIABLE = YES;
				IPHONEOS_DEPLOYMENT_TARGET = 16.0;
				MTL_ENABLE_DEBUG_INFO = NO;
				MTL_FAST_MATH = YES;
				SDKROOT = iphoneos;
				SWIFT_COMPILATION_MODE = wholemodule;
				SWIFT_OPTIMIZATION_LEVEL = "-O";
				VALIDATE_PRODUCT = YES;
			};
			name = Release;
		};
		7335704E2A7BF621006CE3F2 /* Debug */ = {
			isa = XCBuildConfiguration;
			buildSettings = {
				ASSETCATALOG_COMPILER_APPICON_NAME = AppIcon;
				ASSETCATALOG_COMPILER_GLOBAL_ACCENT_COLOR_NAME = AccentColor;
				CODE_SIGN_STYLE = Automatic;
				CURRENT_PROJECT_VERSION = 1;
				DEVELOPMENT_ASSET_PATHS = "\"NPSTestApp/Preview Content\"";
				DEVELOPMENT_TEAM = XU3WHP6N66;
				ENABLE_PREVIEWS = YES;
				GENERATE_INFOPLIST_FILE = YES;
				INFOPLIST_KEY_UIApplicationSceneManifest_Generation = YES;
				INFOPLIST_KEY_UIApplicationSupportsIndirectInputEvents = YES;
				INFOPLIST_KEY_UILaunchScreen_Generation = YES;
				INFOPLIST_KEY_UISupportedInterfaceOrientations_iPad = "UIInterfaceOrientationPortrait UIInterfaceOrientationPortraitUpsideDown UIInterfaceOrientationLandscapeLeft UIInterfaceOrientationLandscapeRight";
				INFOPLIST_KEY_UISupportedInterfaceOrientations_iPhone = "UIInterfaceOrientationPortrait UIInterfaceOrientationLandscapeLeft UIInterfaceOrientationLandscapeRight";
				LD_RUNPATH_SEARCH_PATHS = (
					"$(inherited)",
					"@executable_path/Frameworks",
				);
				MARKETING_VERSION = 1.0;
				PRODUCT_BUNDLE_IDENTIFIER = hoffman.jon.NPSTestApp;
				PRODUCT_NAME = "$(TARGET_NAME)";
				SWIFT_EMIT_LOC_STRINGS = YES;
				SWIFT_VERSION = 5.0;
				TARGETED_DEVICE_FAMILY = "1,2";
			};
			name = Debug;
		};
		7335704F2A7BF621006CE3F2 /* Release */ = {
			isa = XCBuildConfiguration;
			buildSettings = {
				ASSETCATALOG_COMPILER_APPICON_NAME = AppIcon;
				ASSETCATALOG_COMPILER_GLOBAL_ACCENT_COLOR_NAME = AccentColor;
				CODE_SIGN_STYLE = Automatic;
				CURRENT_PROJECT_VERSION = 1;
				DEVELOPMENT_ASSET_PATHS = "\"NPSTestApp/Preview Content\"";
				DEVELOPMENT_TEAM = XU3WHP6N66;
				ENABLE_PREVIEWS = YES;
				GENERATE_INFOPLIST_FILE = YES;
				INFOPLIST_KEY_UIApplicationSceneManifest_Generation = YES;
				INFOPLIST_KEY_UIApplicationSupportsIndirectInputEvents = YES;
				INFOPLIST_KEY_UILaunchScreen_Generation = YES;
				INFOPLIST_KEY_UISupportedInterfaceOrientations_iPad = "UIInterfaceOrientationPortrait UIInterfaceOrientationPortraitUpsideDown UIInterfaceOrientationLandscapeLeft UIInterfaceOrientationLandscapeRight";
				INFOPLIST_KEY_UISupportedInterfaceOrientations_iPhone = "UIInterfaceOrientationPortrait UIInterfaceOrientationLandscapeLeft UIInterfaceOrientationLandscapeRight";
				LD_RUNPATH_SEARCH_PATHS = (
					"$(inherited)",
					"@executable_path/Frameworks",
				);
				MARKETING_VERSION = 1.0;
				PRODUCT_BUNDLE_IDENTIFIER = hoffman.jon.NPSTestApp;
				PRODUCT_NAME = "$(TARGET_NAME)";
				SWIFT_EMIT_LOC_STRINGS = YES;
				SWIFT_VERSION = 5.0;
				TARGETED_DEVICE_FAMILY = "1,2";
			};
			name = Release;
		};
		733570512A7BF621006CE3F2 /* Debug */ = {
			isa = XCBuildConfiguration;
			buildSettings = {
				ALWAYS_EMBED_SWIFT_STANDARD_LIBRARIES = YES;
				BUNDLE_LOADER = "$(TEST_HOST)";
				CODE_SIGN_STYLE = Automatic;
				CURRENT_PROJECT_VERSION = 1;
				DEVELOPMENT_TEAM = XU3WHP6N66;
				GENERATE_INFOPLIST_FILE = YES;
				IPHONEOS_DEPLOYMENT_TARGET = 16.0;
				MARKETING_VERSION = 1.0;
				PRODUCT_BUNDLE_IDENTIFIER = hoffman.jon.NPSTestAppTests;
				PRODUCT_NAME = "$(TARGET_NAME)";
				SWIFT_EMIT_LOC_STRINGS = NO;
				SWIFT_VERSION = 5.0;
				TARGETED_DEVICE_FAMILY = "1,2";
				TEST_HOST = "$(BUILT_PRODUCTS_DIR)/NPSTestApp.app/$(BUNDLE_EXECUTABLE_FOLDER_PATH)/NPSTestApp";
			};
			name = Debug;
		};
		733570522A7BF621006CE3F2 /* Release */ = {
			isa = XCBuildConfiguration;
			buildSettings = {
				ALWAYS_EMBED_SWIFT_STANDARD_LIBRARIES = YES;
				BUNDLE_LOADER = "$(TEST_HOST)";
				CODE_SIGN_STYLE = Automatic;
				CURRENT_PROJECT_VERSION = 1;
				DEVELOPMENT_TEAM = XU3WHP6N66;
				GENERATE_INFOPLIST_FILE = YES;
				IPHONEOS_DEPLOYMENT_TARGET = 16.0;
				MARKETING_VERSION = 1.0;
				PRODUCT_BUNDLE_IDENTIFIER = hoffman.jon.NPSTestAppTests;
				PRODUCT_NAME = "$(TARGET_NAME)";
				SWIFT_EMIT_LOC_STRINGS = NO;
				SWIFT_VERSION = 5.0;
				TARGETED_DEVICE_FAMILY = "1,2";
				TEST_HOST = "$(BUILT_PRODUCTS_DIR)/NPSTestApp.app/$(BUNDLE_EXECUTABLE_FOLDER_PATH)/NPSTestApp";
			};
			name = Release;
		};
		733570542A7BF621006CE3F2 /* Debug */ = {
			isa = XCBuildConfiguration;
			buildSettings = {
				ALWAYS_EMBED_SWIFT_STANDARD_LIBRARIES = YES;
				CODE_SIGN_STYLE = Automatic;
				CURRENT_PROJECT_VERSION = 1;
				DEVELOPMENT_TEAM = XU3WHP6N66;
				GENERATE_INFOPLIST_FILE = YES;
				MARKETING_VERSION = 1.0;
				PRODUCT_BUNDLE_IDENTIFIER = hoffman.jon.NPSTestAppUITests;
				PRODUCT_NAME = "$(TARGET_NAME)";
				SWIFT_EMIT_LOC_STRINGS = NO;
				SWIFT_VERSION = 5.0;
				TARGETED_DEVICE_FAMILY = "1,2";
				TEST_TARGET_NAME = NPSTestApp;
			};
			name = Debug;
		};
		733570552A7BF621006CE3F2 /* Release */ = {
			isa = XCBuildConfiguration;
			buildSettings = {
				ALWAYS_EMBED_SWIFT_STANDARD_LIBRARIES = YES;
				CODE_SIGN_STYLE = Automatic;
				CURRENT_PROJECT_VERSION = 1;
				DEVELOPMENT_TEAM = XU3WHP6N66;
				GENERATE_INFOPLIST_FILE = YES;
				MARKETING_VERSION = 1.0;
				PRODUCT_BUNDLE_IDENTIFIER = hoffman.jon.NPSTestAppUITests;
				PRODUCT_NAME = "$(TARGET_NAME)";
				SWIFT_EMIT_LOC_STRINGS = NO;
				SWIFT_VERSION = 5.0;
				TARGETED_DEVICE_FAMILY = "1,2";
				TEST_TARGET_NAME = NPSTestApp;
			};
			name = Release;
		};
/* End XCBuildConfiguration section */

/* Begin XCConfigurationList section */
		733570242A7BF61F006CE3F2 /* Build configuration list for PBXProject "NPSTestApp" */ = {
			isa = XCConfigurationList;
			buildConfigurations = (
				7335704B2A7BF621006CE3F2 /* Debug */,
				7335704C2A7BF621006CE3F2 /* Release */,
			);
			defaultConfigurationIsVisible = 0;
			defaultConfigurationName = Release;
		};
		7335704D2A7BF621006CE3F2 /* Build configuration list for PBXNativeTarget "NPSTestApp" */ = {
			isa = XCConfigurationList;
			buildConfigurations = (
				7335704E2A7BF621006CE3F2 /* Debug */,
				7335704F2A7BF621006CE3F2 /* Release */,
			);
			defaultConfigurationIsVisible = 0;
			defaultConfigurationName = Release;
		};
		733570502A7BF621006CE3F2 /* Build configuration list for PBXNativeTarget "NPSTestAppTests" */ = {
			isa = XCConfigurationList;
			buildConfigurations = (
				733570512A7BF621006CE3F2 /* Debug */,
				733570522A7BF621006CE3F2 /* Release */,
			);
			defaultConfigurationIsVisible = 0;
			defaultConfigurationName = Release;
		};
		733570532A7BF621006CE3F2 /* Build configuration list for PBXNativeTarget "NPSTestAppUITests" */ = {
			isa = XCConfigurationList;
			buildConfigurations = (
				733570542A7BF621006CE3F2 /* Debug */,
				733570552A7BF621006CE3F2 /* Release */,
			);
			defaultConfigurationIsVisible = 0;
			defaultConfigurationName = Release;
		};
/* End XCConfigurationList section */
	};
	rootObject = 733570212A7BF61F006CE3F2 /* Project object */;
}
